
Microsoft Visual Studio Solution File, Format Version 12.00
# Visual Studio Version 16
VisualStudioVersion = 16.0.31613.86
MinimumVisualStudioVersion = 10.0.40219.1
Project("{FAE04EC0-301F-11D3-BF4B-00C04F79EFBC}") = "App1.Android", "App1\App1.Android\App1.Android.csproj", "{60E73371-8315-4702-90D9-0DC5DC1ADB48}"
EndProject
Project("{FAE04EC0-301F-11D3-BF4B-00C04F79EFBC}") = "App1", "App1\App1\App1.csproj", "{4BEEF1D1-75F2-47DA-8EEF-CFFAA19F5F47}"
EndProject
Global
	GlobalSection(SolutionConfigurationPlatforms) = preSolution
		Debug|Any CPU = Debug|Any CPU
		Release|Any CPU = Release|Any CPU
	EndGlobalSection
	GlobalSection(ProjectConfigurationPlatforms) = postSolution
		{60E73371-8315-4702-90D9-0DC5DC1ADB48}.Debug|Any CPU.ActiveCfg = Debug|Any CPU
		{60E73371-8315-4702-90D9-0DC5DC1ADB48}.Debug|Any CPU.Build.0 = Debug|Any CPU
		{60E73371-8315-4702-90D9-0DC5DC1ADB48}.Debug|Any CPU.Deploy.0 = Debug|Any CPU
		{60E73371-8315-4702-90D9-0DC5DC1ADB48}.Release|Any CPU.ActiveCfg = Release|Any CPU
		{60E73371-8315-4702-90D9-0DC5DC1ADB48}.Release|Any CPU.Build.0 = Release|Any CPU
		{60E73371-8315-4702-90D9-0DC5DC1ADB48}.Release|Any CPU.Deploy.0 = Release|Any CPU
		{4BEEF1D1-75F2-47DA-8EEF-CFFAA19F5F47}.Debug|Any CPU.ActiveCfg = Debug|Any CPU
		{4BEEF1D1-75F2-47DA-8EEF-CFFAA19F5F47}.Debug|Any CPU.Build.0 = Debug|Any CPU
		{4BEEF1D1-75F2-47DA-8EEF-CFFAA19F5F47}.Debug|Any CPU.Deploy.0 = Debug|Any CPU
		{4BEEF1D1-75F2-47DA-8EEF-CFFAA19F5F47}.Release|Any CPU.ActiveCfg = Release|Any CPU
		{4BEEF1D1-75F2-47DA-8EEF-CFFAA19F5F47}.Release|Any CPU.Build.0 = Release|Any CPU
		{4BEEF1D1-75F2-47DA-8EEF-CFFAA19F5F47}.Release|Any CPU.Deploy.0 = Release|Any CPU
	EndGlobalSection
	GlobalSection(SolutionProperties) = preSolution
		HideSolutionNode = FALSE
	EndGlobalSection
	GlobalSection(ExtensibilityGlobals) = postSolution
		SolutionGuid = {40711DE7-A1E0-4B47-9407-17C56B6CFB6F}
	EndGlobalSection
EndGlobal
